
Microsoft Visual Studio Solution File, Format Version 12.00
# Visual Studio 14
VisualStudioVersion = 14.0.22823.1
MinimumVisualStudioVersion = 10.0.40219.1
Project("{2150E333-8FDC-42A3-9474-1A3956D46DE8}") = "P02", "P02", "{744FC41D-20A9-44C0-837C-8A10AA16CA90}"
EndProject
Project("{2150E333-8FDC-42A3-9474-1A3956D46DE8}") = "P03", "P03", "{9D5A461E-7F84-4614-8585-78321407D2C5}"
EndProject
Project("{2150E333-8FDC-42A3-9474-1A3956D46DE8}") = "P04", "P04", "{4D1FDC64-B2F8-4FFB-9ECE-69A265D39B9B}"
EndProject
Project("{2150E333-8FDC-42A3-9474-1A3956D46DE8}") = "P05", "P05", "{78A29BDF-7065-4987-9CD1-04E0F9B234EF}"
EndProject
Project("{2150E333-8FDC-42A3-9474-1A3956D46DE8}") = "P06", "P06", "{6191A03D-F489-4A69-8F3D-33EACCEC98B7}"
EndProject
Project("{2150E333-8FDC-42A3-9474-1A3956D46DE8}") = "P07", "P07", "{9E47E4D2-AAFB-46D6-B8DC-074A77ABEE50}"
EndProject
Project("{8BC9CEB8-8B4A-11D0-8D11-00A0C91BC942}") = "02-A", "P02\02-A\02-A.vcxproj", "{022958F3-00D5-479A-BB16-333A41265A9A}"
EndProject
Project("{8BC9CEB8-8B4A-11D0-8D11-00A0C91BC942}") = "02-B", "P02\02-B\02-B.vcxproj", "{E2786016-B357-4629-B4B1-7327F7E23DC5}"
EndProject
Project("{8BC9CEB8-8B4A-11D0-8D11-00A0C91BC942}") = "02-D", "P02\02-D\02-D.vcxproj", "{375AB8CC-3693-4AAB-B6C9-1C805101F47B}"
EndProject
Project("{8BC9CEB8-8B4A-11D0-8D11-00A0C91BC942}") = "02-E", "P02\02-E\02-E.vcxproj", "{52811007-2583-456D-B798-400B30E9384E}"
EndProject
Project("{8BC9CEB8-8B4A-11D0-8D11-00A0C91BC942}") = "03-A", "P03\03-A\03-A.vcxproj", "{E64AF870-7554-42C4-815E-A642A5D9781A}"
EndProject
Project("{8BC9CEB8-8B4A-11D0-8D11-00A0C91BC942}") = "03-B", "P03\03-B\03-B.vcxproj", "{B9633894-E11D-410E-A32D-5D43A45C9257}"
EndProject
Project("{8BC9CEB8-8B4A-11D0-8D11-00A0C91BC942}") = "03-C", "P03\03-C\03-C.vcxproj", "{D8F8F6CF-0BAB-4DEE-8C68-97C8E59BA847}"
EndProject
Project("{8BC9CEB8-8B4A-11D0-8D11-00A0C91BC942}") = "03-D", "P03\03-D\03-D.vcxproj", "{92728F3B-0636-4191-A22D-C8F1137A78E3}"
EndProject
Project("{8BC9CEB8-8B4A-11D0-8D11-00A0C91BC942}") = "04", "P04\04\04.vcxproj", "{EC0C31B1-6993-4152-A980-D0C6482F7DF8}"
EndProject
Project("{8BC9CEB8-8B4A-11D0-8D11-00A0C91BC942}") = "05-A", "P05\05-A\05-A.vcxproj", "{CB16D28A-C3AE-4F30-867D-6DE62317AEE3}"
EndProject
Project("{8BC9CEB8-8B4A-11D0-8D11-00A0C91BC942}") = "05-B", "P05\05-B\05-B.vcxproj", "{0E1707BA-7F83-4AAB-A235-92E588FF574B}"
EndProject
Project("{8BC9CEB8-8B4A-11D0-8D11-00A0C91BC942}") = "06-A", "P06\06-A\06-A.vcxproj", "{A5558F9C-AA60-4518-8C24-10E2A0F4CD50}"
EndProject
Project("{8BC9CEB8-8B4A-11D0-8D11-00A0C91BC942}") = "06-B", "P06\06-B\06-B.vcxproj", "{EF940EBF-12BA-4937-8ABF-595FF97A3E05}"
EndProject
Project("{8BC9CEB8-8B4A-11D0-8D11-00A0C91BC942}") = "07-A", "P07\07-A\07-A.vcxproj", "{E69C56B9-F239-4C68-9CAB-C1F702AA3195}"
EndProject
Global
	GlobalSection(SolutionConfigurationPlatforms) = preSolution
		Debug|x86 = Debug|x86
		Release|x86 = Release|x86
	EndGlobalSection
	GlobalSection(ProjectConfigurationPlatforms) = postSolution
		{022958F3-00D5-479A-BB16-333A41265A9A}.Debug|x86.ActiveCfg = Debug|Win32
		{022958F3-00D5-479A-BB16-333A41265A9A}.Debug|x86.Build.0 = Debug|Win32
		{022958F3-00D5-479A-BB16-333A41265A9A}.Release|x86.ActiveCfg = Release|Win32
		{022958F3-00D5-479A-BB16-333A41265A9A}.Release|x86.Build.0 = Release|Win32
		{E2786016-B357-4629-B4B1-7327F7E23DC5}.Debug|x86.ActiveCfg = Debug|Win32
		{E2786016-B357-4629-B4B1-7327F7E23DC5}.Debug|x86.Build.0 = Debug|Win32
		{E2786016-B357-4629-B4B1-7327F7E23DC5}.Release|x86.ActiveCfg = Release|Win32
		{E2786016-B357-4629-B4B1-7327F7E23DC5}.Release|x86.Build.0 = Release|Win32
		{375AB8CC-3693-4AAB-B6C9-1C805101F47B}.Debug|x86.ActiveCfg = Debug|Win32
		{375AB8CC-3693-4AAB-B6C9-1C805101F47B}.Debug|x86.Build.0 = Debug|Win32
		{375AB8CC-3693-4AAB-B6C9-1C805101F47B}.Release|x86.ActiveCfg = Release|Win32
		{375AB8CC-3693-4AAB-B6C9-1C805101F47B}.Release|x86.Build.0 = Release|Win32
		{52811007-2583-456D-B798-400B30E9384E}.Debug|x86.ActiveCfg = Debug|Win32
		{52811007-2583-456D-B798-400B30E9384E}.Debug|x86.Build.0 = Debug|Win32
		{52811007-2583-456D-B798-400B30E9384E}.Release|x86.ActiveCfg = Release|Win32
		{52811007-2583-456D-B798-400B30E9384E}.Release|x86.Build.0 = Release|Win32
		{E64AF870-7554-42C4-815E-A642A5D9781A}.Debug|x86.ActiveCfg = Debug|Win32
		{E64AF870-7554-42C4-815E-A642A5D9781A}.Debug|x86.Build.0 = Debug|Win32
		{E64AF870-7554-42C4-815E-A642A5D9781A}.Release|x86.ActiveCfg = Release|Win32
		{E64AF870-7554-42C4-815E-A642A5D9781A}.Release|x86.Build.0 = Release|Win32
		{B9633894-E11D-410E-A32D-5D43A45C9257}.Debug|x86.ActiveCfg = Debug|Win32
		{B9633894-E11D-410E-A32D-5D43A45C9257}.Debug|x86.Build.0 = Debug|Win32
		{B9633894-E11D-410E-A32D-5D43A45C9257}.Release|x86.ActiveCfg = Release|Win32
		{B9633894-E11D-410E-A32D-5D43A45C9257}.Release|x86.Build.0 = Release|Win32
		{D8F8F6CF-0BAB-4DEE-8C68-97C8E59BA847}.Debug|x86.ActiveCfg = Debug|Win32
		{D8F8F6CF-0BAB-4DEE-8C68-97C8E59BA847}.Debug|x86.Build.0 = Debug|Win32
		{D8F8F6CF-0BAB-4DEE-8C68-97C8E59BA847}.Release|x86.ActiveCfg = Release|Win32
		{D8F8F6CF-0BAB-4DEE-8C68-97C8E59BA847}.Release|x86.Build.0 = Release|Win32
		{92728F3B-0636-4191-A22D-C8F1137A78E3}.Debug|x86.ActiveCfg = Debug|Win32
		{92728F3B-0636-4191-A22D-C8F1137A78E3}.Debug|x86.Build.0 = Debug|Win32
		{92728F3B-0636-4191-A22D-C8F1137A78E3}.Release|x86.ActiveCfg = Release|Win32
		{92728F3B-0636-4191-A22D-C8F1137A78E3}.Release|x86.Build.0 = Release|Win32
		{EC0C31B1-6993-4152-A980-D0C6482F7DF8}.Debug|x86.ActiveCfg = Debug|Win32
		{EC0C31B1-6993-4152-A980-D0C6482F7DF8}.Debug|x86.Build.0 = Debug|Win32
		{EC0C31B1-6993-4152-A980-D0C6482F7DF8}.Release|x86.ActiveCfg = Release|Win32
		{EC0C31B1-6993-4152-A980-D0C6482F7DF8}.Release|x86.Build.0 = Release|Win32
		{CB16D28A-C3AE-4F30-867D-6DE62317AEE3}.Debug|x86.ActiveCfg = Debug|Win32
		{CB16D28A-C3AE-4F30-867D-6DE62317AEE3}.Debug|x86.Build.0 = Debug|Win32
		{CB16D28A-C3AE-4F30-867D-6DE62317AEE3}.Release|x86.ActiveCfg = Release|Win32
		{CB16D28A-C3AE-4F30-867D-6DE62317AEE3}.Release|x86.Build.0 = Release|Win32
		{0E1707BA-7F83-4AAB-A235-92E588FF574B}.Debug|x86.ActiveCfg = Debug|Win32
		{0E1707BA-7F83-4AAB-A235-92E588FF574B}.Debug|x86.Build.0 = Debug|Win32
		{0E1707BA-7F83-4AAB-A235-92E588FF574B}.Release|x86.ActiveCfg = Release|Win32
		{0E1707BA-7F83-4AAB-A235-92E588FF574B}.Release|x86.Build.0 = Release|Win32
		{A5558F9C-AA60-4518-8C24-10E2A0F4CD50}.Debug|x86.ActiveCfg = Debug|Win32
		{A5558F9C-AA60-4518-8C24-10E2A0F4CD50}.Debug|x86.Build.0 = Debug|Win32
		{A5558F9C-AA60-4518-8C24-10E2A0F4CD50}.Release|x86.ActiveCfg = Release|Win32
		{A5558F9C-AA60-4518-8C24-10E2A0F4CD50}.Release|x86.Build.0 = Release|Win32
		{EF940EBF-12BA-4937-8ABF-595FF97A3E05}.Debug|x86.ActiveCfg = Debug|Win32
		{EF940EBF-12BA-4937-8ABF-595FF97A3E05}.Debug|x86.Build.0 = Debug|Win32
		{EF940EBF-12BA-4937-8ABF-595FF97A3E05}.Release|x86.ActiveCfg = Release|Win32
		{EF940EBF-12BA-4937-8ABF-595FF97A3E05}.Release|x86.Build.0 = Release|Win32
		{E69C56B9-F239-4C68-9CAB-C1F702AA3195}.Debug|x86.ActiveCfg = Debug|Win32
		{E69C56B9-F239-4C68-9CAB-C1F702AA3195}.Debug|x86.Build.0 = Debug|Win32
		{E69C56B9-F239-4C68-9CAB-C1F702AA3195}.Release|x86.ActiveCfg = Release|Win32
		{E69C56B9-F239-4C68-9CAB-C1F702AA3195}.Release|x86.Build.0 = Release|Win32
	EndGlobalSection
	GlobalSection(SolutionProperties) = preSolution
		HideSolutionNode = FALSE
	EndGlobalSection
	GlobalSection(NestedProjects) = preSolution
		{022958F3-00D5-479A-BB16-333A41265A9A} = {744FC41D-20A9-44C0-837C-8A10AA16CA90}
		{E2786016-B357-4629-B4B1-7327F7E23DC5} = {744FC41D-20A9-44C0-837C-8A10AA16CA90}
		{375AB8CC-3693-4AAB-B6C9-1C805101F47B} = {744FC41D-20A9-44C0-837C-8A10AA16CA90}
		{52811007-2583-456D-B798-400B30E9384E} = {744FC41D-20A9-44C0-837C-8A10AA16CA90}
		{E64AF870-7554-42C4-815E-A642A5D9781A} = {9D5A461E-7F84-4614-8585-78321407D2C5}
		{B9633894-E11D-410E-A32D-5D43A45C9257} = {9D5A461E-7F84-4614-8585-78321407D2C5}
		{D8F8F6CF-0BAB-4DEE-8C68-97C8E59BA847} = {9D5A461E-7F84-4614-8585-78321407D2C5}
		{92728F3B-0636-4191-A22D-C8F1137A78E3} = {9D5A461E-7F84-4614-8585-78321407D2C5}
		{EC0C31B1-6993-4152-A980-D0C6482F7DF8} = {4D1FDC64-B2F8-4FFB-9ECE-69A265D39B9B}
		{CB16D28A-C3AE-4F30-867D-6DE62317AEE3} = {78A29BDF-7065-4987-9CD1-04E0F9B234EF}
		{0E1707BA-7F83-4AAB-A235-92E588FF574B} = {78A29BDF-7065-4987-9CD1-04E0F9B234EF}
		{A5558F9C-AA60-4518-8C24-10E2A0F4CD50} = {6191A03D-F489-4A69-8F3D-33EACCEC98B7}
		{EF940EBF-12BA-4937-8ABF-595FF97A3E05} = {6191A03D-F489-4A69-8F3D-33EACCEC98B7}
		{E69C56B9-F239-4C68-9CAB-C1F702AA3195} = {9E47E4D2-AAFB-46D6-B8DC-074A77ABEE50}
	EndGlobalSection
EndGlobal
